// !$*UTF8*$!
{
	archiveVersion = 1;
	classes = {
	};
	objectVersion = 50;
	objects = {

/* Begin PBXBuildFile section */
		51AB2F532640195600460F16 /* AppDelegate.swift in Sources */ = {isa = PBXBuildFile; fileRef = 51AB2F522640195600460F16 /* AppDelegate.swift */; };
		51AB2F552640195600460F16 /* SceneDelegate.swift in Sources */ = {isa = PBXBuildFile; fileRef = 51AB2F542640195600460F16 /* SceneDelegate.swift */; };
		51AB2F5C2640195800460F16 /* Assets.xcassets in Resources */ = {isa = PBXBuildFile; fileRef = 51AB2F5B2640195800460F16 /* Assets.xcassets */; };
		51AB2F5F2640195800460F16 /* LaunchScreen.storyboard in Resources */ = {isa = PBXBuildFile; fileRef = 51AB2F5D2640195800460F16 /* LaunchScreen.storyboard */; };
		51DA4B7A26401FC200469F23 /* HomeViewController.swift in Sources */ = {isa = PBXBuildFile; fileRef = 51DA4B7826401FC200469F23 /* HomeViewController.swift */; };
		51DA4B7B26401FC200469F23 /* HomeViewController.xib in Resources */ = {isa = PBXBuildFile; fileRef = 51DA4B7926401FC200469F23 /* HomeViewController.xib */; };
		51DA4B7F26401FD200469F23 /* AddPostViewController.swift in Sources */ = {isa = PBXBuildFile; fileRef = 51DA4B7D26401FD200469F23 /* AddPostViewController.swift */; };
		51DA4B8026401FD200469F23 /* AddPostViewController.xib in Resources */ = {isa = PBXBuildFile; fileRef = 51DA4B7E26401FD200469F23 /* AddPostViewController.xib */; };
		51DA4B8426401FE200469F23 /* UpdatePostViewController.swift in Sources */ = {isa = PBXBuildFile; fileRef = 51DA4B8226401FE200469F23 /* UpdatePostViewController.swift */; };
		51DA4B8526401FE200469F23 /* UpdatePostViewController.xib in Resources */ = {isa = PBXBuildFile; fileRef = 51DA4B8326401FE200469F23 /* UpdatePostViewController.xib */; };
		51DA4B8926401FF100469F23 /* PostDetailViewController.swift in Sources */ = {isa = PBXBuildFile; fileRef = 51DA4B8726401FF100469F23 /* PostDetailViewController.swift */; };
		51DA4B8A26401FF100469F23 /* PostDetailViewController.xib in Resources */ = {isa = PBXBuildFile; fileRef = 51DA4B8826401FF100469F23 /* PostDetailViewController.xib */; };
		51DA4B9C264020C700469F23 /* CoreAssembly.swift in Sources */ = {isa = PBXBuildFile; fileRef = 51DA4B9B264020C700469F23 /* CoreAssembly.swift */; };
		51DA4BA22640210F00469F23 /* HomeAssembly.swift in Sources */ = {isa = PBXBuildFile; fileRef = 51DA4BA12640210F00469F23 /* HomeAssembly.swift */; };
		51DA4BA62640216600469F23 /* AddPostAssembly.swift in Sources */ = {isa = PBXBuildFile; fileRef = 51DA4BA52640216600469F23 /* AddPostAssembly.swift */; };
		51DA4BAB2640222900469F23 /* UpdatePostAssembly.swift in Sources */ = {isa = PBXBuildFile; fileRef = 51DA4BAA2640222900469F23 /* UpdatePostAssembly.swift */; };
		51DA4BAF2640223F00469F23 /* PostDetailAssembly.swift in Sources */ = {isa = PBXBuildFile; fileRef = 51DA4BAE2640223F00469F23 /* PostDetailAssembly.swift */; };
		51DA4BBC2640242A00469F23 /* HomeTabViewController.swift in Sources */ = {isa = PBXBuildFile; fileRef = 51DA4BB82640242A00469F23 /* HomeTabViewController.swift */; };
		51DA4BBD2640242A00469F23 /* HomeTabAssembly.swift in Sources */ = {isa = PBXBuildFile; fileRef = 51DA4BB92640242A00469F23 /* HomeTabAssembly.swift */; };
		51DA4BBE2640242A00469F23 /* CustomTabBar.swift in Sources */ = {isa = PBXBuildFile; fileRef = 51DA4BBA2640242A00469F23 /* CustomTabBar.swift */; };
		51DA4BBF2640242A00469F23 /* HomeTabViewController.xib in Resources */ = {isa = PBXBuildFile; fileRef = 51DA4BBB2640242A00469F23 /* HomeTabViewController.xib */; };
		51DA4BC32640633900469F23 /* HomePresenter.swift in Sources */ = {isa = PBXBuildFile; fileRef = 51DA4BC22640633900469F23 /* HomePresenter.swift */; };
		CD7F703C1954E7C58BD5EBF1 /* UpdatePostPresenter.swift in Sources */ = {isa = PBXBuildFile; fileRef = CD7F774074B319F7C3635704 /* UpdatePostPresenter.swift */; };
		CD7F7132FBEDD75CBBF033AC /* UpdatePostRouter.swift in Sources */ = {isa = PBXBuildFile; fileRef = CD7F77F16DE24A4208765960 /* UpdatePostRouter.swift */; };
		CD7F71CF87C0FFE06868FC73 /* NibName.swift in Sources */ = {isa = PBXBuildFile; fileRef = CD7F72A984C22BEA95DB25ED /* NibName.swift */; };
		CD7F753FC8C5DFF88ABD78AE /* UpdatePostInteractor.swift in Sources */ = {isa = PBXBuildFile; fileRef = CD7F7B41995FC529FECE3657 /* UpdatePostInteractor.swift */; };
		CD7F762DD3845D42067B7341 /* PostDetailInteractor.swift in Sources */ = {isa = PBXBuildFile; fileRef = CD7F74DE0AFD16EADA8D1588 /* PostDetailInteractor.swift */; };
		CD7F7643883D7FBEB739CF6F /* ImagesAndIconsConstants.swift in Sources */ = {isa = PBXBuildFile; fileRef = CD7F778B0D9F03AF5DBFD494 /* ImagesAndIconsConstants.swift */; };
		CD7F785F5A0EDA0F0C3FD588 /* PostDetailPresenter.swift in Sources */ = {isa = PBXBuildFile; fileRef = CD7F7C741F2D4B9AEC9AD697 /* PostDetailPresenter.swift */; };
		CD7F7873060C64A166A9FEE8 /* SceneAssembly.swift in Sources */ = {isa = PBXBuildFile; fileRef = CD7F702796EB44BC8E60D9FA /* SceneAssembly.swift */; };
		CD7F79991ADA08CE07C22ECB /* AddPostInteractor.swift in Sources */ = {isa = PBXBuildFile; fileRef = CD7F79E2D46CC6436A974D70 /* AddPostInteractor.swift */; };
		CD7F7C90A5D135C14382207C /* HomeInteractor.swift in Sources */ = {isa = PBXBuildFile; fileRef = CD7F7D0048260355F7E02215 /* HomeInteractor.swift */; };
		CD7F7D677F8647DF817AF407 /* AddPostPresenter.swift in Sources */ = {isa = PBXBuildFile; fileRef = CD7F728F390C0C23624EB823 /* AddPostPresenter.swift */; };
		CD7F7F506AE7D548CD3ACE1C /* AddPostRouter.swift in Sources */ = {isa = PBXBuildFile; fileRef = CD7F7F99E675B96474ED9069 /* AddPostRouter.swift */; };
		CD7F7F7291D1AA5862B914FF /* HomeRouter.swift in Sources */ = {isa = PBXBuildFile; fileRef = CD7F7894C1724C07189FD923 /* HomeRouter.swift */; };
		CD7F7F94DC3396F46274F9AB /* PostDetailRouter.swift in Sources */ = {isa = PBXBuildFile; fileRef = CD7F7084633085CE06B246EE /* PostDetailRouter.swift */; };
/* End PBXBuildFile section */

/* Begin PBXFileReference section */
		51AB2F4F2640195600460F16 /* PostVIPER.app */ = {isa = PBXFileReference; explicitFileType = wrapper.application; includeInIndex = 0; path = PostVIPER.app; sourceTree = BUILT_PRODUCTS_DIR; };
		51AB2F522640195600460F16 /* AppDelegate.swift */ = {isa = PBXFileReference; lastKnownFileType = sourcecode.swift; path = AppDelegate.swift; sourceTree = "<group>"; };
		51AB2F542640195600460F16 /* SceneDelegate.swift */ = {isa = PBXFileReference; lastKnownFileType = sourcecode.swift; path = SceneDelegate.swift; sourceTree = "<group>"; };
		51AB2F5B2640195800460F16 /* Assets.xcassets */ = {isa = PBXFileReference; lastKnownFileType = folder.assetcatalog; path = Assets.xcassets; sourceTree = "<group>"; };
		51AB2F5E2640195800460F16 /* Base */ = {isa = PBXFileReference; lastKnownFileType = file.storyboard; name = Base; path = Base.lproj/LaunchScreen.storyboard; sourceTree = "<group>"; };
		51AB2F602640195800460F16 /* Info.plist */ = {isa = PBXFileReference; lastKnownFileType = text.plist.xml; path = Info.plist; sourceTree = "<group>"; };
		51DA4B7826401FC200469F23 /* HomeViewController.swift */ = {isa = PBXFileReference; lastKnownFileType = sourcecode.swift; path = HomeViewController.swift; sourceTree = "<group>"; };
		51DA4B7926401FC200469F23 /* HomeViewController.xib */ = {isa = PBXFileReference; lastKnownFileType = file.xib; path = HomeViewController.xib; sourceTree = "<group>"; };
		51DA4B7D26401FD200469F23 /* AddPostViewController.swift */ = {isa = PBXFileReference; lastKnownFileType = sourcecode.swift; path = AddPostViewController.swift; sourceTree = "<group>"; };
		51DA4B7E26401FD200469F23 /* AddPostViewController.xib */ = {isa = PBXFileReference; lastKnownFileType = file.xib; path = AddPostViewController.xib; sourceTree = "<group>"; };
		51DA4B8226401FE200469F23 /* UpdatePostViewController.swift */ = {isa = PBXFileReference; lastKnownFileType = sourcecode.swift; path = UpdatePostViewController.swift; sourceTree = "<group>"; };
		51DA4B8326401FE200469F23 /* UpdatePostViewController.xib */ = {isa = PBXFileReference; lastKnownFileType = file.xib; path = UpdatePostViewController.xib; sourceTree = "<group>"; };
		51DA4B8726401FF100469F23 /* PostDetailViewController.swift */ = {isa = PBXFileReference; lastKnownFileType = sourcecode.swift; path = PostDetailViewController.swift; sourceTree = "<group>"; };
		51DA4B8826401FF100469F23 /* PostDetailViewController.xib */ = {isa = PBXFileReference; lastKnownFileType = file.xib; path = PostDetailViewController.xib; sourceTree = "<group>"; };
		51DA4B9B264020C700469F23 /* CoreAssembly.swift */ = {isa = PBXFileReference; lastKnownFileType = sourcecode.swift; path = CoreAssembly.swift; sourceTree = "<group>"; };
		51DA4BA12640210F00469F23 /* HomeAssembly.swift */ = {isa = PBXFileReference; lastKnownFileType = sourcecode.swift; path = HomeAssembly.swift; sourceTree = "<group>"; };
		51DA4BA52640216600469F23 /* AddPostAssembly.swift */ = {isa = PBXFileReference; lastKnownFileType = sourcecode.swift; path = AddPostAssembly.swift; sourceTree = "<group>"; };
		51DA4BAA2640222900469F23 /* UpdatePostAssembly.swift */ = {isa = PBXFileReference; lastKnownFileType = sourcecode.swift; path = UpdatePostAssembly.swift; sourceTree = "<group>"; };
		51DA4BAE2640223F00469F23 /* PostDetailAssembly.swift */ = {isa = PBXFileReference; lastKnownFileType = sourcecode.swift; path = PostDetailAssembly.swift; sourceTree = "<group>"; };
		51DA4BB82640242A00469F23 /* HomeTabViewController.swift */ = {isa = PBXFileReference; fileEncoding = 4; lastKnownFileType = sourcecode.swift; path = HomeTabViewController.swift; sourceTree = "<group>"; };
		51DA4BB92640242A00469F23 /* HomeTabAssembly.swift */ = {isa = PBXFileReference; fileEncoding = 4; lastKnownFileType = sourcecode.swift; path = HomeTabAssembly.swift; sourceTree = "<group>"; };
		51DA4BBA2640242A00469F23 /* CustomTabBar.swift */ = {isa = PBXFileReference; fileEncoding = 4; lastKnownFileType = sourcecode.swift; path = CustomTabBar.swift; sourceTree = "<group>"; };
		51DA4BBB2640242A00469F23 /* HomeTabViewController.xib */ = {isa = PBXFileReference; fileEncoding = 4; lastKnownFileType = file.xib; path = HomeTabViewController.xib; sourceTree = "<group>"; };
		51DA4BC22640633900469F23 /* HomePresenter.swift */ = {isa = PBXFileReference; lastKnownFileType = sourcecode.swift; path = HomePresenter.swift; sourceTree = "<group>"; };
		CD7F702796EB44BC8E60D9FA /* SceneAssembly.swift */ = {isa = PBXFileReference; fileEncoding = 4; lastKnownFileType = sourcecode.swift; path = SceneAssembly.swift; sourceTree = "<group>"; };
		CD7F7084633085CE06B246EE /* PostDetailRouter.swift */ = {isa = PBXFileReference; fileEncoding = 4; lastKnownFileType = sourcecode.swift; path = PostDetailRouter.swift; sourceTree = "<group>"; };
		CD7F728F390C0C23624EB823 /* AddPostPresenter.swift */ = {isa = PBXFileReference; fileEncoding = 4; lastKnownFileType = sourcecode.swift; path = AddPostPresenter.swift; sourceTree = "<group>"; };
		CD7F72A984C22BEA95DB25ED /* NibName.swift */ = {isa = PBXFileReference; fileEncoding = 4; lastKnownFileType = sourcecode.swift; path = NibName.swift; sourceTree = "<group>"; };
		CD7F74DE0AFD16EADA8D1588 /* PostDetailInteractor.swift */ = {isa = PBXFileReference; fileEncoding = 4; lastKnownFileType = sourcecode.swift; path = PostDetailInteractor.swift; sourceTree = "<group>"; };
		CD7F774074B319F7C3635704 /* UpdatePostPresenter.swift */ = {isa = PBXFileReference; fileEncoding = 4; lastKnownFileType = sourcecode.swift; path = UpdatePostPresenter.swift; sourceTree = "<group>"; };
		CD7F778B0D9F03AF5DBFD494 /* ImagesAndIconsConstants.swift */ = {isa = PBXFileReference; fileEncoding = 4; lastKnownFileType = sourcecode.swift; path = ImagesAndIconsConstants.swift; sourceTree = "<group>"; };
		CD7F77F16DE24A4208765960 /* UpdatePostRouter.swift */ = {isa = PBXFileReference; fileEncoding = 4; lastKnownFileType = sourcecode.swift; path = UpdatePostRouter.swift; sourceTree = "<group>"; };
		CD7F7894C1724C07189FD923 /* HomeRouter.swift */ = {isa = PBXFileReference; fileEncoding = 4; lastKnownFileType = sourcecode.swift; path = HomeRouter.swift; sourceTree = "<group>"; };
		CD7F79E2D46CC6436A974D70 /* AddPostInteractor.swift */ = {isa = PBXFileReference; fileEncoding = 4; lastKnownFileType = sourcecode.swift; path = AddPostInteractor.swift; sourceTree = "<group>"; };
		CD7F7B41995FC529FECE3657 /* UpdatePostInteractor.swift */ = {isa = PBXFileReference; fileEncoding = 4; lastKnownFileType = sourcecode.swift; path = UpdatePostInteractor.swift; sourceTree = "<group>"; };
		CD7F7C741F2D4B9AEC9AD697 /* PostDetailPresenter.swift */ = {isa = PBXFileReference; fileEncoding = 4; lastKnownFileType = sourcecode.swift; path = PostDetailPresenter.swift; sourceTree = "<group>"; };
		CD7F7D0048260355F7E02215 /* HomeInteractor.swift */ = {isa = PBXFileReference; fileEncoding = 4; lastKnownFileType = sourcecode.swift; path = HomeInteractor.swift; sourceTree = "<group>"; };
		CD7F7F99E675B96474ED9069 /* AddPostRouter.swift */ = {isa = PBXFileReference; fileEncoding = 4; lastKnownFileType = sourcecode.swift; path = AddPostRouter.swift; sourceTree = "<group>"; };
/* End PBXFileReference section */

/* Begin PBXFrameworksBuildPhase section */
		51AB2F4C2640195600460F16 /* Frameworks */ = {
			isa = PBXFrameworksBuildPhase;
			buildActionMask = 2147483647;
			files = (
			);
			runOnlyForDeploymentPostprocessing = 0;
		};
/* End PBXFrameworksBuildPhase section */

/* Begin PBXGroup section */
		51AB2F462640195500460F16 = {
			isa = PBXGroup;
			children = (
				51AB2F512640195600460F16 /* PostVIPER */,
				51AB2F502640195600460F16 /* Products */,
			);
			sourceTree = "<group>";
		};
		51AB2F502640195600460F16 /* Products */ = {
			isa = PBXGroup;
			children = (
				51AB2F4F2640195600460F16 /* PostVIPER.app */,
			);
			name = Products;
			sourceTree = "<group>";
		};
		51AB2F512640195600460F16 /* PostVIPER */ = {
			isa = PBXGroup;
			children = (
				51DA4B6A26401F0E00469F23 /* Commons */,
				51DA4B6626401E1C00469F23 /* Initial App */,
				51AB2F5B2640195800460F16 /* Assets.xcassets */,
				51AB2F5D2640195800460F16 /* LaunchScreen.storyboard */,
				51AB2F602640195800460F16 /* Info.plist */,
				51DA4B8C26401FF600469F23 /* Features */,
			);
			path = PostVIPER;
			sourceTree = "<group>";
		};
		51DA4B6626401E1C00469F23 /* Initial App */ = {
			isa = PBXGroup;
			children = (
				51AB2F522640195600460F16 /* AppDelegate.swift */,
				51AB2F542640195600460F16 /* SceneDelegate.swift */,
				51DA4B6726401E2F00469F23 /* DI */,
			);
			path = "Initial App";
			sourceTree = "<group>";
		};
		51DA4B6726401E2F00469F23 /* DI */ = {
			isa = PBXGroup;
			children = (
				CD7F702796EB44BC8E60D9FA /* SceneAssembly.swift */,
			);
			path = DI;
			sourceTree = "<group>";
		};
		51DA4B6A26401F0E00469F23 /* Commons */ = {
			isa = PBXGroup;
			children = (
				CD7F72A984C22BEA95DB25ED /* NibName.swift */,
				CD7F778B0D9F03AF5DBFD494 /* ImagesAndIconsConstants.swift */,
			);
			path = Commons;
			sourceTree = "<group>";
		};
		51DA4B8C26401FF600469F23 /* Features */ = {
			isa = PBXGroup;
			children = (
				51DA4BB72640242A00469F23 /* HomeTab */,
				51DA4B8E2640200200469F23 /* Home */,
				51DA4B8F2640200B00469F23 /* Add Post */,
				51DA4B902640201500469F23 /* Update Post */,
				51DA4B912640202300469F23 /* Post Detail */,
				51DA4B9F264020D000469F23 /* DI */,
			);
			path = Features;
			sourceTree = "<group>";
		};
		51DA4B8E2640200200469F23 /* Home */ = {
			isa = PBXGroup;
			children = (
				51DA4B932640203900469F23 /* View */,
				51DA4BA42640214F00469F23 /* DI */,
				51DA4BC22640633900469F23 /* HomePresenter.swift */,
				CD7F7D0048260355F7E02215 /* HomeInteractor.swift */,
				CD7F7894C1724C07189FD923 /* HomeRouter.swift */,
			);
			path = Home;
			sourceTree = "<group>";
		};
		51DA4B8F2640200B00469F23 /* Add Post */ = {
			isa = PBXGroup;
			children = (
				51DA4B972640205200469F23 /* View */,
				51DA4BA82640216D00469F23 /* DI */,
				CD7F728F390C0C23624EB823 /* AddPostPresenter.swift */,
				CD7F79E2D46CC6436A974D70 /* AddPostInteractor.swift */,
				CD7F7F99E675B96474ED9069 /* AddPostRouter.swift */,
			);
			path = "Add Post";
			sourceTree = "<group>";
		};
		51DA4B902640201500469F23 /* Update Post */ = {
			isa = PBXGroup;
			children = (
				51DA4B962640204A00469F23 /* View */,
				51DA4BAD2640222F00469F23 /* DI */,
				CD7F774074B319F7C3635704 /* UpdatePostPresenter.swift */,
				CD7F7B41995FC529FECE3657 /* UpdatePostInteractor.swift */,
				CD7F77F16DE24A4208765960 /* UpdatePostRouter.swift */,
			);
			path = "Update Post";
			sourceTree = "<group>";
		};
		51DA4B912640202300469F23 /* Post Detail */ = {
			isa = PBXGroup;
			children = (
				51DA4B942640204200469F23 /* View */,
				51DA4BB22640224300469F23 /* DI */,
				CD7F7C741F2D4B9AEC9AD697 /* PostDetailPresenter.swift */,
				CD7F74DE0AFD16EADA8D1588 /* PostDetailInteractor.swift */,
				CD7F7084633085CE06B246EE /* PostDetailRouter.swift */,
			);
			path = "Post Detail";
			sourceTree = "<group>";
		};
		51DA4B932640203900469F23 /* View */ = {
			isa = PBXGroup;
			children = (
				51DA4B7826401FC200469F23 /* HomeViewController.swift */,
				51DA4B7926401FC200469F23 /* HomeViewController.xib */,
			);
			path = View;
			sourceTree = "<group>";
		};
		51DA4B942640204200469F23 /* View */ = {
			isa = PBXGroup;
			children = (
				51DA4B8726401FF100469F23 /* PostDetailViewController.swift */,
				51DA4B8826401FF100469F23 /* PostDetailViewController.xib */,
			);
			path = View;
			sourceTree = "<group>";
		};
		51DA4B962640204A00469F23 /* View */ = {
			isa = PBXGroup;
			children = (
				51DA4B8226401FE200469F23 /* UpdatePostViewController.swift */,
				51DA4B8326401FE200469F23 /* UpdatePostViewController.xib */,
			);
			path = View;
			sourceTree = "<group>";
		};
		51DA4B972640205200469F23 /* View */ = {
			isa = PBXGroup;
			children = (
				51DA4B7D26401FD200469F23 /* AddPostViewController.swift */,
				51DA4B7E26401FD200469F23 /* AddPostViewController.xib */,
			);
			path = View;
			sourceTree = "<group>";
		};
		51DA4B9F264020D000469F23 /* DI */ = {
			isa = PBXGroup;
			children = (
				51DA4B9B264020C700469F23 /* CoreAssembly.swift */,
			);
			path = DI;
			sourceTree = "<group>";
		};
		51DA4BA42640214F00469F23 /* DI */ = {
			isa = PBXGroup;
			children = (
				51DA4BA12640210F00469F23 /* HomeAssembly.swift */,
			);
			path = DI;
			sourceTree = "<group>";
		};
		51DA4BA82640216D00469F23 /* DI */ = {
			isa = PBXGroup;
			children = (
				51DA4BA52640216600469F23 /* AddPostAssembly.swift */,
			);
			path = DI;
			sourceTree = "<group>";
		};
		51DA4BAD2640222F00469F23 /* DI */ = {
			isa = PBXGroup;
			children = (
				51DA4BAA2640222900469F23 /* UpdatePostAssembly.swift */,
			);
			path = DI;
			sourceTree = "<group>";
		};
		51DA4BB22640224300469F23 /* DI */ = {
			isa = PBXGroup;
			children = (
				51DA4BAE2640223F00469F23 /* PostDetailAssembly.swift */,
			);
			path = DI;
			sourceTree = "<group>";
		};
		51DA4BB72640242A00469F23 /* HomeTab */ = {
			isa = PBXGroup;
			children = (
				51DA4BB82640242A00469F23 /* HomeTabViewController.swift */,
				51DA4BB92640242A00469F23 /* HomeTabAssembly.swift */,
				51DA4BBA2640242A00469F23 /* CustomTabBar.swift */,
				51DA4BBB2640242A00469F23 /* HomeTabViewController.xib */,
			);
			path = HomeTab;
			sourceTree = "<group>";
		};
/* End PBXGroup section */

/* Begin PBXNativeTarget section */
		51AB2F4E2640195600460F16 /* PostVIPER */ = {
			isa = PBXNativeTarget;
			buildConfigurationList = 51AB2F632640195800460F16 /* Build configuration list for PBXNativeTarget "PostVIPER" */;
			buildPhases = (
				51AB2F4B2640195600460F16 /* Sources */,
				51AB2F4C2640195600460F16 /* Frameworks */,
				51AB2F4D2640195600460F16 /* Resources */,
			);
			buildRules = (
			);
			dependencies = (
			);
			name = PostVIPER;
			productName = PostVIPER;
			productReference = 51AB2F4F2640195600460F16 /* PostVIPER.app */;
			productType = "com.apple.product-type.application";
		};
/* End PBXNativeTarget section */

/* Begin PBXProject section */
		51AB2F472640195500460F16 /* Project object */ = {
			isa = PBXProject;
			attributes = {
				LastSwiftUpdateCheck = 1240;
				LastUpgradeCheck = 1240;
				TargetAttributes = {
					51AB2F4E2640195600460F16 = {
						CreatedOnToolsVersion = 12.4;
					};
				};
			};
			buildConfigurationList = 51AB2F4A2640195600460F16 /* Build configuration list for PBXProject "PostVIPER" */;
			compatibilityVersion = "Xcode 9.3";
			developmentRegion = en;
			hasScannedForEncodings = 0;
			knownRegions = (
				en,
				Base,
			);
			mainGroup = 51AB2F462640195500460F16;
			productRefGroup = 51AB2F502640195600460F16 /* Products */;
			projectDirPath = "";
			projectRoot = "";
			targets = (
				51AB2F4E2640195600460F16 /* PostVIPER */,
			);
		};
/* End PBXProject section */

/* Begin PBXResourcesBuildPhase section */
		51AB2F4D2640195600460F16 /* Resources */ = {
			isa = PBXResourcesBuildPhase;
			buildActionMask = 2147483647;
			files = (
				51DA4B8526401FE200469F23 /* UpdatePostViewController.xib in Resources */,
				51DA4B8A26401FF100469F23 /* PostDetailViewController.xib in Resources */,
				51DA4BBF2640242A00469F23 /* HomeTabViewController.xib in Resources */,
				51DA4B8026401FD200469F23 /* AddPostViewController.xib in Resources */,
				51AB2F5F2640195800460F16 /* LaunchScreen.storyboard in Resources */,
				51AB2F5C2640195800460F16 /* Assets.xcassets in Resources */,
				51DA4B7B26401FC200469F23 /* HomeViewController.xib in Resources */,
			);
			runOnlyForDeploymentPostprocessing = 0;
		};
/* End PBXResourcesBuildPhase section */

/* Begin PBXSourcesBuildPhase section */
		51AB2F4B2640195600460F16 /* Sources */ = {
			isa = PBXSourcesBuildPhase;
			buildActionMask = 2147483647;
			files = (
				51DA4BAF2640223F00469F23 /* PostDetailAssembly.swift in Sources */,
				51AB2F532640195600460F16 /* AppDelegate.swift in Sources */,
				51DA4B8426401FE200469F23 /* UpdatePostViewController.swift in Sources */,
				51DA4BBE2640242A00469F23 /* CustomTabBar.swift in Sources */,
				51AB2F552640195600460F16 /* SceneDelegate.swift in Sources */,
				51DA4BBC2640242A00469F23 /* HomeTabViewController.swift in Sources */,
				51DA4BA22640210F00469F23 /* HomeAssembly.swift in Sources */,
				CD7F7873060C64A166A9FEE8 /* SceneAssembly.swift in Sources */,
				51DA4B8926401FF100469F23 /* PostDetailViewController.swift in Sources */,
				CD7F71CF87C0FFE06868FC73 /* NibName.swift in Sources */,
				CD7F7643883D7FBEB739CF6F /* ImagesAndIconsConstants.swift in Sources */,
				51DA4BBD2640242A00469F23 /* HomeTabAssembly.swift in Sources */,
				51DA4B7A26401FC200469F23 /* HomeViewController.swift in Sources */,
				51DA4BAB2640222900469F23 /* UpdatePostAssembly.swift in Sources */,
				51DA4BA62640216600469F23 /* AddPostAssembly.swift in Sources */,
				51DA4BC32640633900469F23 /* HomePresenter.swift in Sources */,
				51DA4B9C264020C700469F23 /* CoreAssembly.swift in Sources */,
				51DA4B7F26401FD200469F23 /* AddPostViewController.swift in Sources */,
				CD7F7D677F8647DF817AF407 /* AddPostPresenter.swift in Sources */,
				CD7F785F5A0EDA0F0C3FD588 /* PostDetailPresenter.swift in Sources */,
				CD7F703C1954E7C58BD5EBF1 /* UpdatePostPresenter.swift in Sources */,
				CD7F79991ADA08CE07C22ECB /* AddPostInteractor.swift in Sources */,
				CD7F7C90A5D135C14382207C /* HomeInteractor.swift in Sources */,
				CD7F762DD3845D42067B7341 /* PostDetailInteractor.swift in Sources */,
				CD7F753FC8C5DFF88ABD78AE /* UpdatePostInteractor.swift in Sources */,
				CD7F7F506AE7D548CD3ACE1C /* AddPostRouter.swift in Sources */,
				CD7F7F7291D1AA5862B914FF /* HomeRouter.swift in Sources */,
				CD7F7F94DC3396F46274F9AB /* PostDetailRouter.swift in Sources */,
				CD7F7132FBEDD75CBBF033AC /* UpdatePostRouter.swift in Sources */,
			);
			runOnlyForDeploymentPostprocessing = 0;
		};
/* End PBXSourcesBuildPhase section */

/* Begin PBXVariantGroup section */
		51AB2F5D2640195800460F16 /* LaunchScreen.storyboard */ = {
			isa = PBXVariantGroup;
			children = (
				51AB2F5E2640195800460F16 /* Base */,
			);
			name = LaunchScreen.storyboard;
			sourceTree = "<group>";
		};
/* End PBXVariantGroup section */

/* Begin XCBuildConfiguration section */
		51AB2F612640195800460F16 /* Debug */ = {
			isa = XCBuildConfiguration;
			buildSettings = {
				ALWAYS_SEARCH_USER_PATHS = NO;
				CLANG_ANALYZER_NONNULL = YES;
				CLANG_ANALYZER_NUMBER_OBJECT_CONVERSION = YES_AGGRESSIVE;
				CLANG_CXX_LANGUAGE_STANDARD = "gnu++14";
				CLANG_CXX_LIBRARY = "libc++";
				CLANG_ENABLE_MODULES = YES;
				CLANG_ENABLE_OBJC_ARC = YES;
				CLANG_ENABLE_OBJC_WEAK = YES;
				CLANG_WARN_BLOCK_CAPTURE_AUTORELEASING = YES;
				CLANG_WARN_BOOL_CONVERSION = YES;
				CLANG_WARN_COMMA = YES;
				CLANG_WARN_CONSTANT_CONVERSION = YES;
				CLANG_WARN_DEPRECATED_OBJC_IMPLEMENTATIONS = YES;
				CLANG_WARN_DIRECT_OBJC_ISA_USAGE = YES_ERROR;
				CLANG_WARN_DOCUMENTATION_COMMENTS = YES;
				CLANG_WARN_EMPTY_BODY = YES;
				CLANG_WARN_ENUM_CONVERSION = YES;
				CLANG_WARN_INFINITE_RECURSION = YES;
				CLANG_WARN_INT_CONVERSION = YES;
				CLANG_WARN_NON_LITERAL_NULL_CONVERSION = YES;
				CLANG_WARN_OBJC_IMPLICIT_RETAIN_SELF = YES;
				CLANG_WARN_OBJC_LITERAL_CONVERSION = YES;
				CLANG_WARN_OBJC_ROOT_CLASS = YES_ERROR;
				CLANG_WARN_QUOTED_INCLUDE_IN_FRAMEWORK_HEADER = YES;
				CLANG_WARN_RANGE_LOOP_ANALYSIS = YES;
				CLANG_WARN_STRICT_PROTOTYPES = YES;
				CLANG_WARN_SUSPICIOUS_MOVE = YES;
				CLANG_WARN_UNGUARDED_AVAILABILITY = YES_AGGRESSIVE;
				CLANG_WARN_UNREACHABLE_CODE = YES;
				CLANG_WARN__DUPLICATE_METHOD_MATCH = YES;
				COPY_PHASE_STRIP = NO;
				DEBUG_INFORMATION_FORMAT = dwarf;
				ENABLE_STRICT_OBJC_MSGSEND = YES;
				ENABLE_TESTABILITY = YES;
				GCC_C_LANGUAGE_STANDARD = gnu11;
				GCC_DYNAMIC_NO_PIC = NO;
				GCC_NO_COMMON_BLOCKS = YES;
				GCC_OPTIMIZATION_LEVEL = 0;
				GCC_PREPROCESSOR_DEFINITIONS = (
					"DEBUG=1",
					"$(inherited)",
				);
				GCC_WARN_64_TO_32_BIT_CONVERSION = YES;
				GCC_WARN_ABOUT_RETURN_TYPE = YES_ERROR;
				GCC_WARN_UNDECLARED_SELECTOR = YES;
				GCC_WARN_UNINITIALIZED_AUTOS = YES_AGGRESSIVE;
				GCC_WARN_UNUSED_FUNCTION = YES;
				GCC_WARN_UNUSED_VARIABLE = YES;
				IPHONEOS_DEPLOYMENT_TARGET = 14.4;
				MTL_ENABLE_DEBUG_INFO = INCLUDE_SOURCE;
				MTL_FAST_MATH = YES;
				ONLY_ACTIVE_ARCH = YES;
				SDKROOT = iphoneos;
				SWIFT_ACTIVE_COMPILATION_CONDITIONS = DEBUG;
				SWIFT_OPTIMIZATION_LEVEL = "-Onone";
			};
			name = Debug;
		};
		51AB2F622640195800460F16 /* Release */ = {
			isa = XCBuildConfiguration;
			buildSettings = {
				ALWAYS_SEARCH_USER_PATHS = NO;
				CLANG_ANALYZER_NONNULL = YES;
				CLANG_ANALYZER_NUMBER_OBJECT_CONVERSION = YES_AGGRESSIVE;
				CLANG_CXX_LANGUAGE_STANDARD = "gnu++14";
				CLANG_CXX_LIBRARY = "libc++";
				CLANG_ENABLE_MODULES = YES;
				CLANG_ENABLE_OBJC_ARC = YES;
				CLANG_ENABLE_OBJC_WEAK = YES;
				CLANG_WARN_BLOCK_CAPTURE_AUTORELEASING = YES;
				CLANG_WARN_BOOL_CONVERSION = YES;
				CLANG_WARN_COMMA = YES;
				CLANG_WARN_CONSTANT_CONVERSION = YES;
				CLANG_WARN_DEPRECATED_OBJC_IMPLEMENTATIONS = YES;
				CLANG_WARN_DIRECT_OBJC_ISA_USAGE = YES_ERROR;
				CLANG_WARN_DOCUMENTATION_COMMENTS = YES;
				CLANG_WARN_EMPTY_BODY = YES;
				CLANG_WARN_ENUM_CONVERSION = YES;
				CLANG_WARN_INFINITE_RECURSION = YES;
				CLANG_WARN_INT_CONVERSION = YES;
				CLANG_WARN_NON_LITERAL_NULL_CONVERSION = YES;
				CLANG_WARN_OBJC_IMPLICIT_RETAIN_SELF = YES;
				CLANG_WARN_OBJC_LITERAL_CONVERSION = YES;
				CLANG_WARN_OBJC_ROOT_CLASS = YES_ERROR;
				CLANG_WARN_QUOTED_INCLUDE_IN_FRAMEWORK_HEADER = YES;
				CLANG_WARN_RANGE_LOOP_ANALYSIS = YES;
				CLANG_WARN_STRICT_PROTOTYPES = YES;
				CLANG_WARN_SUSPICIOUS_MOVE = YES;
				CLANG_WARN_UNGUARDED_AVAILABILITY = YES_AGGRESSIVE;
				CLANG_WARN_UNREACHABLE_CODE = YES;
				CLANG_WARN__DUPLICATE_METHOD_MATCH = YES;
				COPY_PHASE_STRIP = NO;
				DEBUG_INFORMATION_FORMAT = "dwarf-with-dsym";
				ENABLE_NS_ASSERTIONS = NO;
				ENABLE_STRICT_OBJC_MSGSEND = YES;
				GCC_C_LANGUAGE_STANDARD = gnu11;
				GCC_NO_COMMON_BLOCKS = YES;
				GCC_WARN_64_TO_32_BIT_CONVERSION = YES;
				GCC_WARN_ABOUT_RETURN_TYPE = YES_ERROR;
				GCC_WARN_UNDECLARED_SELECTOR = YES;
				GCC_WARN_UNINITIALIZED_AUTOS = YES_AGGRESSIVE;
				GCC_WARN_UNUSED_FUNCTION = YES;
				GCC_WARN_UNUSED_VARIABLE = YES;
				IPHONEOS_DEPLOYMENT_TARGET = 14.4;
				MTL_ENABLE_DEBUG_INFO = NO;
				MTL_FAST_MATH = YES;
				SDKROOT = iphoneos;
				SWIFT_COMPILATION_MODE = wholemodule;
				SWIFT_OPTIMIZATION_LEVEL = "-O";
				VALIDATE_PRODUCT = YES;
			};
			name = Release;
		};
		51AB2F642640195800460F16 /* Debug */ = {
			isa = XCBuildConfiguration;
			buildSettings = {
				ASSETCATALOG_COMPILER_APPICON_NAME = AppIcon;
				ASSETCATALOG_COMPILER_GLOBAL_ACCENT_COLOR_NAME = AccentColor;
				CODE_SIGN_STYLE = Automatic;
				DEVELOPMENT_TEAM = 5J2G4846S8;
				INFOPLIST_FILE = PostVIPER/Info.plist;
				LD_RUNPATH_SEARCH_PATHS = (
					"$(inherited)",
					"@executable_path/Frameworks",
				);
				PRODUCT_BUNDLE_IDENTIFIER = "com.alancasasas-gmail.PostVIPER";
				PRODUCT_NAME = "$(TARGET_NAME)";
				SWIFT_VERSION = 5.0;
				TARGETED_DEVICE_FAMILY = "1,2";
			};
			name = Debug;
		};
		51AB2F652640195800460F16 /* Release */ = {
			isa = XCBuildConfiguration;
			buildSettings = {
				ASSETCATALOG_COMPILER_APPICON_NAME = AppIcon;
				ASSETCATALOG_COMPILER_GLOBAL_ACCENT_COLOR_NAME = AccentColor;
				CODE_SIGN_STYLE = Automatic;
				DEVELOPMENT_TEAM = 5J2G4846S8;
				INFOPLIST_FILE = PostVIPER/Info.plist;
				LD_RUNPATH_SEARCH_PATHS = (
					"$(inherited)",
					"@executable_path/Frameworks",
				);
				PRODUCT_BUNDLE_IDENTIFIER = "com.alancasasas-gmail.PostVIPER";
				PRODUCT_NAME = "$(TARGET_NAME)";
				SWIFT_VERSION = 5.0;
				TARGETED_DEVICE_FAMILY = "1,2";
			};
			name = Release;
		};
/* End XCBuildConfiguration section */

/* Begin XCConfigurationList section */
		51AB2F4A2640195600460F16 /* Build configuration list for PBXProject "PostVIPER" */ = {
			isa = XCConfigurationList;
			buildConfigurations = (
				51AB2F612640195800460F16 /* Debug */,
				51AB2F622640195800460F16 /* Release */,
			);
			defaultConfigurationIsVisible = 0;
			defaultConfigurationName = Release;
		};
		51AB2F632640195800460F16 /* Build configuration list for PBXNativeTarget "PostVIPER" */ = {
			isa = XCConfigurationList;
			buildConfigurations = (
				51AB2F642640195800460F16 /* Debug */,
				51AB2F652640195800460F16 /* Release */,
			);
			defaultConfigurationIsVisible = 0;
			defaultConfigurationName = Release;
		};
/* End XCConfigurationList section */
	};
	rootObject = 51AB2F472640195500460F16 /* Project object */;
}
